
Microsoft Visual Studio Solution File, Format Version 12.00
# Visual Studio Version 17
VisualStudioVersion = 17.13.35818.85
MinimumVisualStudioVersion = 10.0.40219.1
Project("{FAE04EC0-301F-11D3-BF4B-00C04F79EFBC}") = "DartsScoreUI", "DartsScoreUI\DartsScoreUI.csproj", "{402136EC-816F-AC71-5204-2F5C764D20EA}"
EndProject
Project("{FAE04EC0-301F-11D3-BF4B-00C04F79EFBC}") = "DartsScoreLib", "DartsScoreLib\DartsScoreLib.csproj", "{E28A8953-5086-4603-B6F4-0BFA0B7864A6}"
EndProject
Project("{FAE04EC0-301F-11D3-BF4B-00C04F79EFBC}") = "DartsScoreTests", "DartsScoreTests\DartsScoreTests.csproj", "{EE6A1BB5-79B0-4E5C-96E3-C95C94B3D27D}"
EndProject
Global
	GlobalSection(SolutionConfigurationPlatforms) = preSolution
		Debug|Any CPU = Debug|Any CPU
		Release|Any CPU = Release|Any CPU
	EndGlobalSection
	GlobalSection(ProjectConfigurationPlatforms) = postSolution
		{402136EC-816F-AC71-5204-2F5C764D20EA}.Debug|Any CPU.ActiveCfg = Debug|Any CPU
		{402136EC-816F-AC71-5204-2F5C764D20EA}.Debug|Any CPU.Build.0 = Debug|Any CPU
		{402136EC-816F-AC71-5204-2F5C764D20EA}.Debug|Any CPU.Deploy.0 = Debug|Any CPU
		{402136EC-816F-AC71-5204-2F5C764D20EA}.Release|Any CPU.ActiveCfg = Release|Any CPU
		{402136EC-816F-AC71-5204-2F5C764D20EA}.Release|Any CPU.Build.0 = Release|Any CPU
		{E28A8953-5086-4603-B6F4-0BFA0B7864A6}.Debug|Any CPU.ActiveCfg = Debug|Any CPU
		{E28A8953-5086-4603-B6F4-0BFA0B7864A6}.Debug|Any CPU.Build.0 = Debug|Any CPU
		{E28A8953-5086-4603-B6F4-0BFA0B7864A6}.Release|Any CPU.ActiveCfg = Release|Any CPU
		{E28A8953-5086-4603-B6F4-0BFA0B7864A6}.Release|Any CPU.Build.0 = Release|Any CPU
		{EE6A1BB5-79B0-4E5C-96E3-C95C94B3D27D}.Debug|Any CPU.ActiveCfg = Debug|Any CPU
		{EE6A1BB5-79B0-4E5C-96E3-C95C94B3D27D}.Debug|Any CPU.Build.0 = Debug|Any CPU
		{EE6A1BB5-79B0-4E5C-96E3-C95C94B3D27D}.Release|Any CPU.ActiveCfg = Release|Any CPU
		{EE6A1BB5-79B0-4E5C-96E3-C95C94B3D27D}.Release|Any CPU.Build.0 = Release|Any CPU
	EndGlobalSection
	GlobalSection(SolutionProperties) = preSolution
		HideSolutionNode = FALSE
	EndGlobalSection
	GlobalSection(ExtensibilityGlobals) = postSolution
		SolutionGuid = {A94EE51B-BCE8-4A55-8600-636F39C041AC}
	EndGlobalSection
EndGlobal
